
Microsoft Visual Studio Solution File, Format Version 12.00
# Visual Studio Version 17
VisualStudioVersion = 17.5.33627.172
MinimumVisualStudioVersion = 10.0.40219.1
Project("{FAE04EC0-301F-11D3-BF4B-00C04F79EFBC}") = "ProyectoFinal.Android", "ProyectoFinal\ProyectoFinal.Android\ProyectoFinal.Android.csproj", "{55ABAEF1-65FA-44C4-8ABB-30F091EAEF71}"
EndProject
Project("{9A19103F-16F7-4668-BE54-9A1E7A4F7556}") = "ProyectoFinal", "ProyectoFinal\ProyectoFinal\ProyectoFinal.csproj", "{DF8DDC69-ACD6-4653-884E-60ED161C60A1}"
EndProject
Global
	GlobalSection(SolutionConfigurationPlatforms) = preSolution
		Debug|Any CPU = Debug|Any CPU
		Release|Any CPU = Release|Any CPU
	EndGlobalSection
	GlobalSection(ProjectConfigurationPlatforms) = postSolution
		{55ABAEF1-65FA-44C4-8ABB-30F091EAEF71}.Debug|Any CPU.ActiveCfg = Debug|Any CPU
		{55ABAEF1-65FA-44C4-8ABB-30F091EAEF71}.Debug|Any CPU.Build.0 = Debug|Any CPU
		{55ABAEF1-65FA-44C4-8ABB-30F091EAEF71}.Debug|Any CPU.Deploy.0 = Debug|Any CPU
		{55ABAEF1-65FA-44C4-8ABB-30F091EAEF71}.Release|Any CPU.ActiveCfg = Release|Any CPU
		{55ABAEF1-65FA-44C4-8ABB-30F091EAEF71}.Release|Any CPU.Build.0 = Release|Any CPU
		{55ABAEF1-65FA-44C4-8ABB-30F091EAEF71}.Release|Any CPU.Deploy.0 = Release|Any CPU
		{DF8DDC69-ACD6-4653-884E-60ED161C60A1}.Debug|Any CPU.ActiveCfg = Debug|Any CPU
		{DF8DDC69-ACD6-4653-884E-60ED161C60A1}.Debug|Any CPU.Build.0 = Debug|Any CPU
		{DF8DDC69-ACD6-4653-884E-60ED161C60A1}.Debug|Any CPU.Deploy.0 = Debug|Any CPU
		{DF8DDC69-ACD6-4653-884E-60ED161C60A1}.Release|Any CPU.ActiveCfg = Release|Any CPU
		{DF8DDC69-ACD6-4653-884E-60ED161C60A1}.Release|Any CPU.Build.0 = Release|Any CPU
		{DF8DDC69-ACD6-4653-884E-60ED161C60A1}.Release|Any CPU.Deploy.0 = Release|Any CPU
	EndGlobalSection
	GlobalSection(SolutionProperties) = preSolution
		HideSolutionNode = FALSE
	EndGlobalSection
	GlobalSection(ExtensibilityGlobals) = postSolution
		SolutionGuid = {BA81ABAE-2A65-45D1-99B7-257CEF8F7ADA}
	EndGlobalSection
EndGlobal
